
Microsoft Visual Studio Solution File, Format Version 12.00
# Visual Studio Version 17
VisualStudioVersion = 17.4.33213.308
MinimumVisualStudioVersion = 10.0.40219.1
Project("{FAE04EC0-301F-11D3-BF4B-00C04F79EFBC}") = "MyFirstApp", "MyFirstApp\MyFirstApp.csproj", "{E0CD6296-4C73-4A5F-BFD7-3DDB62BB88F3}"
EndProject
Global
	GlobalSection(SolutionConfigurationPlatforms) = preSolution
		Debug|Any CPU = Debug|Any CPU
		Release|Any CPU = Release|Any CPU
	EndGlobalSection
	GlobalSection(ProjectConfigurationPlatforms) = postSolution
		{E0CD6296-4C73-4A5F-BFD7-3DDB62BB88F3}.Debug|Any CPU.ActiveCfg = Debug|Any CPU
		{E0CD6296-4C73-4A5F-BFD7-3DDB62BB88F3}.Debug|Any CPU.Build.0 = Debug|Any CPU
		{E0CD6296-4C73-4A5F-BFD7-3DDB62BB88F3}.Release|Any CPU.ActiveCfg = Release|Any CPU
		{E0CD6296-4C73-4A5F-BFD7-3DDB62BB88F3}.Release|Any CPU.Build.0 = Release|Any CPU
	EndGlobalSection
	GlobalSection(SolutionProperties) = preSolution
		HideSolutionNode = FALSE
	EndGlobalSection
	GlobalSection(ExtensibilityGlobals) = postSolution
		SolutionGuid = {D8E12EE3-97A6-401A-8C0A-E6C6CC2A05EE}
	EndGlobalSection
EndGlobal
